
Microsoft Visual Studio Solution File, Format Version 12.00
# Visual Studio Version 16
VisualStudioVersion = 25.0.1705.3
MinimumVisualStudioVersion = 10.0.40219.1
Project("{FAE04EC0-301F-11D3-BF4B-00C04F79EFBC}") = "APIFrameworkBoilerPlate", "APIFrameworkBoilerPlate\APIFrameworkBoilerPlate.csproj", "{40BAA456-58D4-4EEB-95CC-3F58B49E7284}"
EndProject
Project("{FAE04EC0-301F-11D3-BF4B-00C04F79EFBC}") = "ApiFrameworkCore", "ApiFrameworkCore\ApiFrameworkCore.csproj", "{3A5656EB-215F-4178-BEF1-C887B3A3B6EC}"
EndProject
Global
	GlobalSection(SolutionConfigurationPlatforms) = preSolution
		Debug|Any CPU = Debug|Any CPU
		Release|Any CPU = Release|Any CPU
	EndGlobalSection
	GlobalSection(ProjectConfigurationPlatforms) = postSolution
		{40BAA456-58D4-4EEB-95CC-3F58B49E7284}.Debug|Any CPU.ActiveCfg = Debug|Any CPU
		{40BAA456-58D4-4EEB-95CC-3F58B49E7284}.Debug|Any CPU.Build.0 = Debug|Any CPU
		{40BAA456-58D4-4EEB-95CC-3F58B49E7284}.Release|Any CPU.ActiveCfg = Release|Any CPU
		{40BAA456-58D4-4EEB-95CC-3F58B49E7284}.Release|Any CPU.Build.0 = Release|Any CPU
		{3A5656EB-215F-4178-BEF1-C887B3A3B6EC}.Debug|Any CPU.ActiveCfg = Debug|Any CPU
		{3A5656EB-215F-4178-BEF1-C887B3A3B6EC}.Debug|Any CPU.Build.0 = Debug|Any CPU
		{3A5656EB-215F-4178-BEF1-C887B3A3B6EC}.Release|Any CPU.ActiveCfg = Release|Any CPU
		{3A5656EB-215F-4178-BEF1-C887B3A3B6EC}.Release|Any CPU.Build.0 = Release|Any CPU
	EndGlobalSection
	GlobalSection(SolutionProperties) = preSolution
		HideSolutionNode = FALSE
	EndGlobalSection
	GlobalSection(ExtensibilityGlobals) = postSolution
		SolutionGuid = {7812ECC5-A19F-4527-A29C-64F830FC1F9D}
	EndGlobalSection
EndGlobal
